
Microsoft Visual Studio Solution File, Format Version 12.00
# Visual Studio Version 17
VisualStudioVersion = 17.13.35825.156
MinimumVisualStudioVersion = 10.0.40219.1
Project("{FAE04EC0-301F-11D3-BF4B-00C04F79EFBC}") = "NetKubernetes", "_backend\NetKubernetes\NetKubernetes.csproj", "{2202DD90-6C39-4BB7-9FF4-D566D45F9394}"
EndProject
Global
	GlobalSection(SolutionConfigurationPlatforms) = preSolution
		Debug|Any CPU = Debug|Any CPU
		Release|Any CPU = Release|Any CPU
	EndGlobalSection
	GlobalSection(ProjectConfigurationPlatforms) = postSolution
		{2202DD90-6C39-4BB7-9FF4-D566D45F9394}.Debug|Any CPU.ActiveCfg = Debug|Any CPU
		{2202DD90-6C39-4BB7-9FF4-D566D45F9394}.Debug|Any CPU.Build.0 = Debug|Any CPU
		{2202DD90-6C39-4BB7-9FF4-D566D45F9394}.Release|Any CPU.ActiveCfg = Release|Any CPU
		{2202DD90-6C39-4BB7-9FF4-D566D45F9394}.Release|Any CPU.Build.0 = Release|Any CPU
	EndGlobalSection
	GlobalSection(SolutionProperties) = preSolution
		HideSolutionNode = FALSE
	EndGlobalSection
	GlobalSection(ExtensibilityGlobals) = postSolution
		SolutionGuid = {0A5F6547-E2DD-4C14-8132-C1AEFE215209}
	EndGlobalSection
EndGlobal
